<?xml version="1.0" encoding="utf-8"?>
<Project ToolsVersion="4.0" xmlns="http://schemas.microsoft.com/developer/msbuild/2003">
  <ItemGroup>
    <Filter Include="Level">
      <UniqueIdentifier>{5df23444-ca8f-40f8-8c39-0d7d75f58b7d}</UniqueIdentifier>
    </Filter>
    <Filter Include="Actor">
      <UniqueIdentifier>{1c74ed1c-9761-412c-93d3-abef363512d1}</UniqueIdentifier>
    </Filter>
    <Filter Include="Global">
      <UniqueIdentifier>{5c0d327c-f680-4cd4-a5c1-9a7caec22b46}</UniqueIdentifier>
    </Filter>
    <Filter Include="PreCompile">
      <UniqueIdentifier>{439c0504-814e-4f90-8507-3f4dacd0226c}</UniqueIdentifier>
    </Filter>
    <Filter Include="Elvenguard">
      <UniqueIdentifier>{90e1ea0c-f2b2-4ddf-a08c-dde18ffae164}</UniqueIdentifier>
    </Filter>
    <Filter Include="SeriaRoom">
      <UniqueIdentifier>{0ff0206f-186d-4bc8-a278-1cec16b3e720}</UniqueIdentifier>
    </Filter>
    <Filter Include="Elvengurad_Front">
      <UniqueIdentifier>{b071a7ac-08c2-46d2-8e80-bf45441e20a5}</UniqueIdentifier>
    </Filter>
    <Filter Include="Vilmark">
      <UniqueIdentifier>{fb8de053-150b-475c-a3b4-3a00791f4b36}</UniqueIdentifier>
    </Filter>
    <Filter Include="Bar">
      <UniqueIdentifier>{aac0a086-ebc1-44e1-bcf4-c0fca5d582c3}</UniqueIdentifier>
    </Filter>
    <Filter Include="Player">
      <UniqueIdentifier>{2aba7355-124a-4582-9e2d-3d6612746e4f}</UniqueIdentifier>
    </Filter>
    <Filter Include="ContentsCore">
      <UniqueIdentifier>{eee3c248-3814-48af-b1f4-f221fa7a0ee6}</UniqueIdentifier>
    </Filter>
    <Filter Include="GUI">
      <UniqueIdentifier>{e9cd6ede-26ac-4678-a264-405bba9d95cb}</UniqueIdentifier>
    </Filter>
    <Filter Include="UI">
      <UniqueIdentifier>{b6e7f001-41a9-4c8d-854d-2cc09875b589}</UniqueIdentifier>
    </Filter>
    <Filter Include="Monster">
      <UniqueIdentifier>{d6649308-f3a2-4e66-9380-dd073a6a7f1f}</UniqueIdentifier>
    </Filter>
    <Filter Include="Player\Skill">
      <UniqueIdentifier>{ca517adc-047c-40e0-b462-7b5a6a67e218}</UniqueIdentifier>
    </Filter>
    <Filter Include="Monster\Skill">
      <UniqueIdentifier>{67b0b1b3-78cc-4a0b-b4ce-b423f31d2144}</UniqueIdentifier>
    </Filter>
  </ItemGroup>
  <ItemGroup>
    <ClInclude Include="ContentsCore.h">
      <Filter>ContentsCore</Filter>
    </ClInclude>
    <ClInclude Include="LoginLevel.h">
      <Filter>Level</Filter>
    </ClInclude>
    <ClInclude Include="PlayLevel.h">
      <Filter>Level</Filter>
    </ClInclude>
    <ClInclude Include="Enums.h">
      <Filter>Global</Filter>
    </ClInclude>
    <ClInclude Include="GlobalContentsValue.h" />
    <ClInclude Include="PreCompile.h">
      <Filter>PreCompile</Filter>
    </ClInclude>
    <ClInclude Include="DNFLevel.h">
      <Filter>Level</Filter>
    </ClInclude>
    <ClInclude Include="Elvenguard.h">
      <Filter>Elvenguard</Filter>
    </ClInclude>
    <ClInclude Include="Elvenguard_Background.h">
      <Filter>Elvenguard</Filter>
    </ClInclude>
    <ClInclude Include="SeriaRoom.h">
      <Filter>SeriaRoom</Filter>
    </ClInclude>
    <ClInclude Include="SeriaBackground.h">
      <Filter>SeriaRoom</Filter>
    </ClInclude>
    <ClInclude Include="DNFRenderObject.h">
      <Filter>Actor</Filter>
    </ClInclude>
    <ClInclude Include="Elvenguard_Front.h">
      <Filter>Elvengurad_Front</Filter>
    </ClInclude>
    <ClInclude Include="Elvenguard_Front_Background.h">
      <Filter>Elvengurad_Front</Filter>
    </ClInclude>
    <ClInclude Include="VilmarkLevel.h">
      <Filter>Vilmark</Filter>
    </ClInclude>
    <ClInclude Include="VilmarkMap.h">
      <Filter>Vilmark</Filter>
    </ClInclude>
    <ClInclude Include="Bar.h">
      <Filter>Bar</Filter>
    </ClInclude>
    <ClInclude Include="Bar_Background.h">
      <Filter>Bar</Filter>
    </ClInclude>
    <ClInclude Include="Player_Main.h">
      <Filter>Player</Filter>
    </ClInclude>
    <ClInclude Include="DNFDefineList.h">
      <Filter>Global</Filter>
    </ClInclude>
    <ClInclude Include="AvatarManager.h">
      <Filter>Player</Filter>
    </ClInclude>
    <ClInclude Include="DNFEnums.h">
      <Filter>Global</Filter>
    </ClInclude>
    <ClInclude Include="DNFDebugGUI.h">
      <Filter>GUI</Filter>
    </ClInclude>
    <ClInclude Include="DNFGlobalValue.h">
      <Filter>Global</Filter>
    </ClInclude>
    <ClInclude Include="DNFHUD.h">
      <Filter>UI</Filter>
    </ClInclude>
    <ClInclude Include="DNFBackground.h">
      <Filter>Actor</Filter>
    </ClInclude>
    <ClInclude Include="DNFMonster.h">
      <Filter>Monster</Filter>
    </ClInclude>
    <ClInclude Include="DNFMath.h">
      <Filter>Global</Filter>
    </ClInclude>
    <ClInclude Include="DNFContentsMinimal.h">
      <Filter>Global</Filter>
    </ClInclude>
    <ClInclude Include="DNFAvatarGUI.h">
      <Filter>GUI</Filter>
    </ClInclude>
    <ClInclude Include="GaugeRenderer.h">
      <Filter>Global</Filter>
    </ClInclude>
    <ClInclude Include="EffectActor.h">
      <Filter>Global</Filter>
    </ClInclude>
    <ClInclude Include="DamageFont.h">
      <Filter>Global</Filter>
    </ClInclude>
    <ClInclude Include="MonsterHP.h">
      <Filter>UI</Filter>
    </ClInclude>
    <ClInclude Include="DieEffect.h">
      <Filter>Monster</Filter>
    </ClInclude>
    <ClInclude Include="Bloodlugaru.h">
      <Filter>Monster</Filter>
    </ClInclude>
    <ClInclude Include="CrazyIvan.h">
      <Filter>Monster</Filter>
    </ClInclude>
    <ClInclude Include="DNFTransition.h">
      <Filter>Monster</Filter>
    </ClInclude>
    <ClInclude Include="GoreCross.h">
      <Filter>Player\Skill</Filter>
    </ClInclude>
    <ClInclude Include="BoomEffect.h">
      <Filter>Monster\Skill</Filter>
    </ClInclude>
    <ClInclude Include="Vilmark_0.h">
      <Filter>Vilmark</Filter>
    </ClInclude>
    <ClInclude Include="Vilmark_1.h">
      <Filter>Vilmark</Filter>
    </ClInclude>
    <ClInclude Include="Ciel.h">
      <Filter>Monster</Filter>
    </ClInclude>
    <ClInclude Include="CrazyIvanCaptain.h">
      <Filter>Monster</Filter>
    </ClInclude>
    <ClInclude Include="Vilmark_2.h">
      <Filter>Vilmark</Filter>
    </ClInclude>
    <ClInclude Include="HeartFox.h">
      <Filter>Monster</Filter>
    </ClInclude>
    <ClInclude Include="TauCaptain.h">
      <Filter>Monster</Filter>
    </ClInclude>
    <ClInclude Include="Vilmark_3.h">
      <Filter>Vilmark</Filter>
    </ClInclude>
    <ClInclude Include="MiniTau.h">
      <Filter>Monster</Filter>
    </ClInclude>
    <ClInclude Include="Vilmark_4.h">
      <Filter>Vilmark</Filter>
    </ClInclude>
    <ClInclude Include="Vilmark_5.h">
      <Filter>Vilmark</Filter>
    </ClInclude>
    <ClInclude Include="HyperMecaCow.h">
      <Filter>Monster</Filter>
    </ClInclude>
    <ClInclude Include="Runner.h">
      <Filter>Monster</Filter>
    </ClInclude>
  </ItemGroup>
  <ItemGroup>
    <ClCompile Include="ContentsCore.cpp">
      <Filter>ContentsCore</Filter>
    </ClCompile>
    <ClCompile Include="LoginLevel.cpp">
      <Filter>Level</Filter>
    </ClCompile>
    <ClCompile Include="PlayLevel.cpp">
      <Filter>Level</Filter>
    </ClCompile>
    <ClCompile Include="GlobalContentsValue.cpp" />
    <ClCompile Include="PreCompile.cpp">
      <Filter>PreCompile</Filter>
    </ClCompile>
    <ClCompile Include="DNFLevel.cpp">
      <Filter>Level</Filter>
    </ClCompile>
    <ClCompile Include="Elvenguard.cpp">
      <Filter>Elvenguard</Filter>
    </ClCompile>
    <ClCompile Include="Elvenguard_Background.cpp">
      <Filter>Elvenguard</Filter>
    </ClCompile>
    <ClCompile Include="SeriaRoom.cpp">
      <Filter>SeriaRoom</Filter>
    </ClCompile>
    <ClCompile Include="SeriaBackground.cpp">
      <Filter>SeriaRoom</Filter>
    </ClCompile>
    <ClCompile Include="DNFRenderObject.cpp">
      <Filter>Actor</Filter>
    </ClCompile>
    <ClCompile Include="Elvenguard_Front.cpp">
      <Filter>Elvengurad_Front</Filter>
    </ClCompile>
    <ClCompile Include="Elvenguard_Front_Background.cpp">
      <Filter>Elvengurad_Front</Filter>
    </ClCompile>
    <ClCompile Include="VilmarkLevel.cpp">
      <Filter>Vilmark</Filter>
    </ClCompile>
    <ClCompile Include="VilmarkMap.cpp">
      <Filter>Vilmark</Filter>
    </ClCompile>
    <ClCompile Include="Bar.cpp">
      <Filter>Bar</Filter>
    </ClCompile>
    <ClCompile Include="Bar_Background.cpp">
      <Filter>Bar</Filter>
    </ClCompile>
    <ClCompile Include="Player_Main.cpp">
      <Filter>Player</Filter>
    </ClCompile>
    <ClCompile Include="AvatarManager.cpp">
      <Filter>Player</Filter>
    </ClCompile>
    <ClCompile Include="DNFDebugGUI.cpp">
      <Filter>GUI</Filter>
    </ClCompile>
    <ClCompile Include="DNFGlobalValue.cpp">
      <Filter>Global</Filter>
    </ClCompile>
    <ClCompile Include="DNFHUD.cpp">
      <Filter>UI</Filter>
    </ClCompile>
    <ClCompile Include="DNFBackground.cpp">
      <Filter>Actor</Filter>
    </ClCompile>
    <ClCompile Include="DNFMonster.cpp">
      <Filter>Monster</Filter>
    </ClCompile>
    <ClCompile Include="DNFMath.cpp">
      <Filter>Global</Filter>
    </ClCompile>
    <ClCompile Include="DNFAvatarGUI.cpp">
      <Filter>GUI</Filter>
    </ClCompile>
    <ClCompile Include="Player_FSM.cpp">
      <Filter>Player</Filter>
    </ClCompile>
    <ClCompile Include="Player_AniFunc.cpp">
      <Filter>Player</Filter>
    </ClCompile>
    <ClCompile Include="GaugeRenderer.cpp">
      <Filter>Global</Filter>
    </ClCompile>
    <ClCompile Include="EffectActor.cpp">
      <Filter>Global</Filter>
    </ClCompile>
    <ClCompile Include="DamageFont.cpp">
      <Filter>Global</Filter>
    </ClCompile>
    <ClCompile Include="MonsterHP.cpp">
      <Filter>UI</Filter>
    </ClCompile>
    <ClCompile Include="DieEffect.cpp">
      <Filter>Monster</Filter>
    </ClCompile>
    <ClCompile Include="Bloodlugaru.cpp">
      <Filter>Monster</Filter>
    </ClCompile>
    <ClCompile Include="CrazyIvan.cpp">
      <Filter>Monster</Filter>
    </ClCompile>
    <ClCompile Include="DNFTransition.cpp">
      <Filter>Monster</Filter>
    </ClCompile>
    <ClCompile Include="GoreCross.cpp">
      <Filter>Player\Skill</Filter>
    </ClCompile>
    <ClCompile Include="BoomEffect.cpp">
      <Filter>Monster\Skill</Filter>
    </ClCompile>
    <ClCompile Include="Vilmark_0.cpp">
      <Filter>Vilmark</Filter>
    </ClCompile>
    <ClCompile Include="Vilmark_1.cpp">
      <Filter>Vilmark</Filter>
    </ClCompile>
    <ClCompile Include="Ciel.cpp">
      <Filter>Monster</Filter>
    </ClCompile>
    <ClCompile Include="CrazyIvanCaptain.cpp">
      <Filter>Monster</Filter>
    </ClCompile>
    <ClCompile Include="Vilmark_2.cpp">
      <Filter>Vilmark</Filter>
    </ClCompile>
    <ClCompile Include="HeartFox.cpp">
      <Filter>Monster</Filter>
    </ClCompile>
    <ClCompile Include="TauCaptain.cpp">
      <Filter>Monster</Filter>
    </ClCompile>
    <ClCompile Include="Vilmark_3.cpp">
      <Filter>Vilmark</Filter>
    </ClCompile>
    <ClCompile Include="MiniTau.cpp">
      <Filter>Monster</Filter>
    </ClCompile>
    <ClCompile Include="Vilmark_4.cpp">
      <Filter>Vilmark</Filter>
    </ClCompile>
    <ClCompile Include="Vilmark_5.cpp">
      <Filter>Vilmark</Filter>
    </ClCompile>
    <ClCompile Include="HyperMecaCow.cpp">
      <Filter>Monster</Filter>
    </ClCompile>
    <ClCompile Include="Runner.cpp">
      <Filter>Monster</Filter>
    </ClCompile>
  </ItemGroup>
  <ItemGroup>
    <None Include="ClassDiagram.cd" />
  </ItemGroup>
</Project>